// !$*UTF8*$!
{
	archiveVersion = 1;
	classes = {
	};
	objectVersion = 77;
	objects = {

/* Begin PBXBuildFile section */
		2288BA8D2EB8B6F5006B9107 /* JoiefullApp.swift in Sources */ = {isa = PBXBuildFile; fileRef = 2288BA8C2EB8B6F5006B9107 /* JoiefullApp.swift */; };
		2288BA912EB8B6F7006B9107 /* Assets.xcassets in Resources */ = {isa = PBXBuildFile; fileRef = 2288BA902EB8B6F7006B9107 /* Assets.xcassets */; };
		22CEC4032EBA970D00BAB0AA /* Preview.swift in Sources */ = {isa = PBXBuildFile; fileRef = 22CEC4022EBA970D00BAB0AA /* Preview.swift */; };
		22CEC4252EBB672700BAB0AA /* ShareSheet.swift in Sources */ = {isa = PBXBuildFile; fileRef = 22CEC4242EBB672700BAB0AA /* ShareSheet.swift */; };
		22CEC4612EBD441900BAB0AA /* ImageShareProvider.swift in Sources */ = {isa = PBXBuildFile; fileRef = 22CEC4602EBD441900BAB0AA /* ImageShareProvider.swift */; };
		22F08A922EBE2C680074743E /* StarRatingView.swift in Sources */ = {isa = PBXBuildFile; fileRef = 22F08A912EBE2C680074743E /* StarRatingView.swift */; };
/* End PBXBuildFile section */

/* Begin PBXContainerItemProxy section */
		2288BA972EB8B6F7006B9107 /* PBXContainerItemProxy */ = {
			isa = PBXContainerItemProxy;
			containerPortal = 2288BA812EB8B6F5006B9107 /* Project object */;
			proxyType = 1;
			remoteGlobalIDString = 2288BA882EB8B6F5006B9107;
			remoteInfo = Joiefull;
		};
		2288BAA12EB8B6F7006B9107 /* PBXContainerItemProxy */ = {
			isa = PBXContainerItemProxy;
			containerPortal = 2288BA812EB8B6F5006B9107 /* Project object */;
			proxyType = 1;
			remoteGlobalIDString = 2288BA882EB8B6F5006B9107;
			remoteInfo = Joiefull;
		};
/* End PBXContainerItemProxy section */

/* Begin PBXFileReference section */
		2288BA892EB8B6F5006B9107 /* Joiefull.app */ = {isa = PBXFileReference; explicitFileType = wrapper.application; includeInIndex = 0; path = Joiefull.app; sourceTree = BUILT_PRODUCTS_DIR; };
		2288BA8C2EB8B6F5006B9107 /* JoiefullApp.swift */ = {isa = PBXFileReference; lastKnownFileType = sourcecode.swift; path = JoiefullApp.swift; sourceTree = "<group>"; };
		2288BA902EB8B6F7006B9107 /* Assets.xcassets */ = {isa = PBXFileReference; lastKnownFileType = folder.assetcatalog; path = Assets.xcassets; sourceTree = "<group>"; };
		2288BA962EB8B6F7006B9107 /* JoiefullTests.xctest */ = {isa = PBXFileReference; explicitFileType = wrapper.cfbundle; includeInIndex = 0; path = JoiefullTests.xctest; sourceTree = BUILT_PRODUCTS_DIR; };
		2288BAA02EB8B6F7006B9107 /* JoiefullUITests.xctest */ = {isa = PBXFileReference; explicitFileType = wrapper.cfbundle; includeInIndex = 0; path = JoiefullUITests.xctest; sourceTree = BUILT_PRODUCTS_DIR; };
		22CEC4022EBA970D00BAB0AA /* Preview.swift */ = {isa = PBXFileReference; lastKnownFileType = sourcecode.swift; path = Preview.swift; sourceTree = "<group>"; };
		22CEC4242EBB672700BAB0AA /* ShareSheet.swift */ = {isa = PBXFileReference; lastKnownFileType = sourcecode.swift; path = ShareSheet.swift; sourceTree = "<group>"; };
		22CEC4602EBD441900BAB0AA /* ImageShareProvider.swift */ = {isa = PBXFileReference; lastKnownFileType = sourcecode.swift; path = ImageShareProvider.swift; sourceTree = "<group>"; };
		22F08A912EBE2C680074743E /* StarRatingView.swift */ = {isa = PBXFileReference; lastKnownFileType = sourcecode.swift; path = StarRatingView.swift; sourceTree = "<group>"; };
/* End PBXFileReference section */

/* Begin PBXFileSystemSynchronizedBuildFileExceptionSet section */
		2288BAC52EB8E646006B9107 /* Exceptions for "ProductList" folder in "Joiefull" target */ = {
			isa = PBXFileSystemSynchronizedBuildFileExceptionSet;
			membershipExceptions = (
				ProductListView.swift,
				ProductListViewModel.swift,
				ProductListViewState.swift,
				ProductSection.swift,
			);
			target = 2288BA882EB8B6F5006B9107 /* Joiefull */;
		};
		2288BACB2EB8E677006B9107 /* Exceptions for "ProductDetail" folder in "Joiefull" target */ = {
			isa = PBXFileSystemSynchronizedBuildFileExceptionSet;
			membershipExceptions = (
				ProductDetailView.swift,
				ProductDetailViewModel.swift,
			);
			target = 2288BA882EB8B6F5006B9107 /* Joiefull */;
		};
		22CEC3E62EBA36E500BAB0AA /* Exceptions for "ProductRow" folder in "Joiefull" target */ = {
			isa = PBXFileSystemSynchronizedBuildFileExceptionSet;
			membershipExceptions = (
				ProductRowView.swift,
			);
			target = 2288BA882EB8B6F5006B9107 /* Joiefull */;
		};
/* End PBXFileSystemSynchronizedBuildFileExceptionSet section */

/* Begin PBXFileSystemSynchronizedRootGroup section */
		2288BA992EB8B6F7006B9107 /* JoiefullTests */ = {
			isa = PBXFileSystemSynchronizedRootGroup;
			path = JoiefullTests;
			sourceTree = "<group>";
		};
		2288BAA32EB8B6F7006B9107 /* JoiefullUITests */ = {
			isa = PBXFileSystemSynchronizedRootGroup;
			path = JoiefullUITests;
			sourceTree = "<group>";
		};
		2288BAB62EB8E4F9006B9107 /* Models */ = {
			isa = PBXFileSystemSynchronizedRootGroup;
			path = Models;
			sourceTree = "<group>";
		};
		2288BABA2EB8E541006B9107 /* Services */ = {
			isa = PBXFileSystemSynchronizedRootGroup;
			path = Services;
			sourceTree = "<group>";
		};
		2288BABB2EB8E54C006B9107 /* DI */ = {
			isa = PBXFileSystemSynchronizedRootGroup;
			path = DI;
			sourceTree = "<group>";
		};
		2288BABD2EB8E56D006B9107 /* ProductDetail */ = {
			isa = PBXFileSystemSynchronizedRootGroup;
			exceptions = (
				2288BACB2EB8E677006B9107 /* Exceptions for "ProductDetail" folder in "Joiefull" target */,
			);
			path = ProductDetail;
			sourceTree = "<group>";
		};
		2288BABE2EB8E570006B9107 /* ProductList */ = {
			isa = PBXFileSystemSynchronizedRootGroup;
			exceptions = (
				2288BAC52EB8E646006B9107 /* Exceptions for "ProductList" folder in "Joiefull" target */,
			);
			path = ProductList;
			sourceTree = "<group>";
		};
		22CEC3E52EBA36D800BAB0AA /* ProductRow */ = {
			isa = PBXFileSystemSynchronizedRootGroup;
			exceptions = (
				22CEC3E62EBA36E500BAB0AA /* Exceptions for "ProductRow" folder in "Joiefull" target */,
			);
			path = ProductRow;
			sourceTree = "<group>";
		};
/* End PBXFileSystemSynchronizedRootGroup section */

/* Begin PBXFrameworksBuildPhase section */
		2288BA862EB8B6F5006B9107 /* Frameworks */ = {
			isa = PBXFrameworksBuildPhase;
			buildActionMask = 2147483647;
			files = (
			);
			runOnlyForDeploymentPostprocessing = 0;
		};
		2288BA932EB8B6F7006B9107 /* Frameworks */ = {
			isa = PBXFrameworksBuildPhase;
			buildActionMask = 2147483647;
			files = (
			);
			runOnlyForDeploymentPostprocessing = 0;
		};
		2288BA9D2EB8B6F7006B9107 /* Frameworks */ = {
			isa = PBXFrameworksBuildPhase;
			buildActionMask = 2147483647;
			files = (
			);
			runOnlyForDeploymentPostprocessing = 0;
		};
/* End PBXFrameworksBuildPhase section */

/* Begin PBXGroup section */
		2288BA802EB8B6F5006B9107 = {
			isa = PBXGroup;
			children = (
				2288BAB32EB8E401006B9107 /* Application */,
				2288BAB42EB8E464006B9107 /* Core */,
				2288BABC2EB8E560006B9107 /* Features */,
				22CEC4232EBB66FD00BAB0AA /* Helpers */,
				22CEC4012EBA96D800BAB0AA /* Content Previews */,
				2288BA992EB8B6F7006B9107 /* JoiefullTests */,
				2288BAA32EB8B6F7006B9107 /* JoiefullUITests */,
				2288BA8A2EB8B6F5006B9107 /* Products */,
			);
			sourceTree = "<group>";
		};
		2288BA8A2EB8B6F5006B9107 /* Products */ = {
			isa = PBXGroup;
			children = (
				2288BA892EB8B6F5006B9107 /* Joiefull.app */,
				2288BA962EB8B6F7006B9107 /* JoiefullTests.xctest */,
				2288BAA02EB8B6F7006B9107 /* JoiefullUITests.xctest */,
			);
			name = Products;
			sourceTree = "<group>";
		};
		2288BAB32EB8E401006B9107 /* Application */ = {
			isa = PBXGroup;
			children = (
				2288BA8C2EB8B6F5006B9107 /* JoiefullApp.swift */,
				2288BA902EB8B6F7006B9107 /* Assets.xcassets */,
			);
			path = Application;
			sourceTree = "<group>";
		};
		2288BAB42EB8E464006B9107 /* Core */ = {
			isa = PBXGroup;
			children = (
				2288BAB62EB8E4F9006B9107 /* Models */,
				2288BABA2EB8E541006B9107 /* Services */,
				2288BABB2EB8E54C006B9107 /* DI */,
			);
			path = Core;
			sourceTree = "<group>";
		};
		2288BABC2EB8E560006B9107 /* Features */ = {
			isa = PBXGroup;
			children = (
				2288BABE2EB8E570006B9107 /* ProductList */,
				2288BABD2EB8E56D006B9107 /* ProductDetail */,
				22CEC3E52EBA36D800BAB0AA /* ProductRow */,
			);
			path = Features;
			sourceTree = "<group>";
		};
		22CEC4012EBA96D800BAB0AA /* Content Previews */ = {
			isa = PBXGroup;
			children = (
				22CEC4022EBA970D00BAB0AA /* Preview.swift */,
			);
			path = "Content Previews";
			sourceTree = "<group>";
		};
		22CEC4232EBB66FD00BAB0AA /* Helpers */ = {
			isa = PBXGroup;
			children = (
				22CEC4242EBB672700BAB0AA /* ShareSheet.swift */,
				22CEC4602EBD441900BAB0AA /* ImageShareProvider.swift */,
				22F08A912EBE2C680074743E /* StarRatingView.swift */,
			);
			path = Helpers;
			sourceTree = "<group>";
		};
/* End PBXGroup section */

/* Begin PBXNativeTarget section */
		2288BA882EB8B6F5006B9107 /* Joiefull */ = {
			isa = PBXNativeTarget;
			buildConfigurationList = 2288BAAA2EB8B6F7006B9107 /* Build configuration list for PBXNativeTarget "Joiefull" */;
			buildPhases = (
				2288BA852EB8B6F5006B9107 /* Sources */,
				2288BA862EB8B6F5006B9107 /* Frameworks */,
				2288BA872EB8B6F5006B9107 /* Resources */,
			);
			buildRules = (
			);
			dependencies = (
			);
			fileSystemSynchronizedGroups = (
				2288BAB62EB8E4F9006B9107 /* Models */,
				2288BABA2EB8E541006B9107 /* Services */,
				2288BABB2EB8E54C006B9107 /* DI */,
			);
			name = Joiefull;
			packageProductDependencies = (
			);
			productName = Joiefull;
			productReference = 2288BA892EB8B6F5006B9107 /* Joiefull.app */;
			productType = "com.apple.product-type.application";
		};
		2288BA952EB8B6F7006B9107 /* JoiefullTests */ = {
			isa = PBXNativeTarget;
			buildConfigurationList = 2288BAAD2EB8B6F7006B9107 /* Build configuration list for PBXNativeTarget "JoiefullTests" */;
			buildPhases = (
				2288BA922EB8B6F7006B9107 /* Sources */,
				2288BA932EB8B6F7006B9107 /* Frameworks */,
				2288BA942EB8B6F7006B9107 /* Resources */,
			);
			buildRules = (
			);
			dependencies = (
				2288BA982EB8B6F7006B9107 /* PBXTargetDependency */,
			);
			fileSystemSynchronizedGroups = (
				2288BA992EB8B6F7006B9107 /* JoiefullTests */,
			);
			name = JoiefullTests;
			packageProductDependencies = (
			);
			productName = JoiefullTests;
			productReference = 2288BA962EB8B6F7006B9107 /* JoiefullTests.xctest */;
			productType = "com.apple.product-type.bundle.unit-test";
		};
		2288BA9F2EB8B6F7006B9107 /* JoiefullUITests */ = {
			isa = PBXNativeTarget;
			buildConfigurationList = 2288BAB02EB8B6F7006B9107 /* Build configuration list for PBXNativeTarget "JoiefullUITests" */;
			buildPhases = (
				2288BA9C2EB8B6F7006B9107 /* Sources */,
				2288BA9D2EB8B6F7006B9107 /* Frameworks */,
				2288BA9E2EB8B6F7006B9107 /* Resources */,
			);
			buildRules = (
			);
			dependencies = (
				2288BAA22EB8B6F7006B9107 /* PBXTargetDependency */,
			);
			fileSystemSynchronizedGroups = (
				2288BAA32EB8B6F7006B9107 /* JoiefullUITests */,
			);
			name = JoiefullUITests;
			packageProductDependencies = (
			);
			productName = JoiefullUITests;
			productReference = 2288BAA02EB8B6F7006B9107 /* JoiefullUITests.xctest */;
			productType = "com.apple.product-type.bundle.ui-testing";
		};
/* End PBXNativeTarget section */

/* Begin PBXProject section */
		2288BA812EB8B6F5006B9107 /* Project object */ = {
			isa = PBXProject;
			attributes = {
				BuildIndependentTargetsInParallel = 1;
				LastSwiftUpdateCheck = 2600;
				LastUpgradeCheck = 2610;
				TargetAttributes = {
					2288BA882EB8B6F5006B9107 = {
						CreatedOnToolsVersion = 26.0.1;
					};
					2288BA952EB8B6F7006B9107 = {
						CreatedOnToolsVersion = 26.0.1;
						TestTargetID = 2288BA882EB8B6F5006B9107;
					};
					2288BA9F2EB8B6F7006B9107 = {
						CreatedOnToolsVersion = 26.0.1;
						TestTargetID = 2288BA882EB8B6F5006B9107;
					};
				};
			};
			buildConfigurationList = 2288BA842EB8B6F5006B9107 /* Build configuration list for PBXProject "Joiefull" */;
			developmentRegion = en;
			hasScannedForEncodings = 0;
			knownRegions = (
				en,
				Base,
			);
			mainGroup = 2288BA802EB8B6F5006B9107;
			minimizedProjectReferenceProxies = 1;
			preferredProjectObjectVersion = 77;
			productRefGroup = 2288BA8A2EB8B6F5006B9107 /* Products */;
			projectDirPath = "";
			projectRoot = "";
			targets = (
				2288BA882EB8B6F5006B9107 /* Joiefull */,
				2288BA952EB8B6F7006B9107 /* JoiefullTests */,
				2288BA9F2EB8B6F7006B9107 /* JoiefullUITests */,
			);
		};
/* End PBXProject section */

/* Begin PBXResourcesBuildPhase section */
		2288BA872EB8B6F5006B9107 /* Resources */ = {
			isa = PBXResourcesBuildPhase;
			buildActionMask = 2147483647;
			files = (
				2288BA912EB8B6F7006B9107 /* Assets.xcassets in Resources */,
			);
			runOnlyForDeploymentPostprocessing = 0;
		};
		2288BA942EB8B6F7006B9107 /* Resources */ = {
			isa = PBXResourcesBuildPhase;
			buildActionMask = 2147483647;
			files = (
			);
			runOnlyForDeploymentPostprocessing = 0;
		};
		2288BA9E2EB8B6F7006B9107 /* Resources */ = {
			isa = PBXResourcesBuildPhase;
			buildActionMask = 2147483647;
			files = (
			);
			runOnlyForDeploymentPostprocessing = 0;
		};
/* End PBXResourcesBuildPhase section */

/* Begin PBXSourcesBuildPhase section */
		2288BA852EB8B6F5006B9107 /* Sources */ = {
			isa = PBXSourcesBuildPhase;
			buildActionMask = 2147483647;
			files = (
				22CEC4612EBD441900BAB0AA /* ImageShareProvider.swift in Sources */,
				22F08A922EBE2C680074743E /* StarRatingView.swift in Sources */,
				2288BA8D2EB8B6F5006B9107 /* JoiefullApp.swift in Sources */,
				22CEC4032EBA970D00BAB0AA /* Preview.swift in Sources */,
				22CEC4252EBB672700BAB0AA /* ShareSheet.swift in Sources */,
			);
			runOnlyForDeploymentPostprocessing = 0;
		};
		2288BA922EB8B6F7006B9107 /* Sources */ = {
			isa = PBXSourcesBuildPhase;
			buildActionMask = 2147483647;
			files = (
			);
			runOnlyForDeploymentPostprocessing = 0;
		};
		2288BA9C2EB8B6F7006B9107 /* Sources */ = {
			isa = PBXSourcesBuildPhase;
			buildActionMask = 2147483647;
			files = (
			);
			runOnlyForDeploymentPostprocessing = 0;
		};
/* End PBXSourcesBuildPhase section */

/* Begin PBXTargetDependency section */
		2288BA982EB8B6F7006B9107 /* PBXTargetDependency */ = {
			isa = PBXTargetDependency;
			target = 2288BA882EB8B6F5006B9107 /* Joiefull */;
			targetProxy = 2288BA972EB8B6F7006B9107 /* PBXContainerItemProxy */;
		};
		2288BAA22EB8B6F7006B9107 /* PBXTargetDependency */ = {
			isa = PBXTargetDependency;
			target = 2288BA882EB8B6F5006B9107 /* Joiefull */;
			targetProxy = 2288BAA12EB8B6F7006B9107 /* PBXContainerItemProxy */;
		};
/* End PBXTargetDependency section */

/* Begin XCBuildConfiguration section */
		2288BAA82EB8B6F7006B9107 /* Debug */ = {
			isa = XCBuildConfiguration;
			buildSettings = {
				ALWAYS_SEARCH_USER_PATHS = NO;
				ASSETCATALOG_COMPILER_GENERATE_SWIFT_ASSET_SYMBOL_EXTENSIONS = YES;
				CLANG_ANALYZER_NONNULL = YES;
				CLANG_ANALYZER_NUMBER_OBJECT_CONVERSION = YES_AGGRESSIVE;
				CLANG_CXX_LANGUAGE_STANDARD = "gnu++20";
				CLANG_ENABLE_MODULES = YES;
				CLANG_ENABLE_OBJC_ARC = YES;
				CLANG_ENABLE_OBJC_WEAK = YES;
				CLANG_WARN_BLOCK_CAPTURE_AUTORELEASING = YES;
				CLANG_WARN_BOOL_CONVERSION = YES;
				CLANG_WARN_COMMA = YES;
				CLANG_WARN_CONSTANT_CONVERSION = YES;
				CLANG_WARN_DEPRECATED_OBJC_IMPLEMENTATIONS = YES;
				CLANG_WARN_DIRECT_OBJC_ISA_USAGE = YES_ERROR;
				CLANG_WARN_DOCUMENTATION_COMMENTS = YES;
				CLANG_WARN_EMPTY_BODY = YES;
				CLANG_WARN_ENUM_CONVERSION = YES;
				CLANG_WARN_INFINITE_RECURSION = YES;
				CLANG_WARN_INT_CONVERSION = YES;
				CLANG_WARN_NON_LITERAL_NULL_CONVERSION = YES;
				CLANG_WARN_OBJC_IMPLICIT_RETAIN_SELF = YES;
				CLANG_WARN_OBJC_LITERAL_CONVERSION = YES;
				CLANG_WARN_OBJC_ROOT_CLASS = YES_ERROR;
				CLANG_WARN_QUOTED_INCLUDE_IN_FRAMEWORK_HEADER = YES;
				CLANG_WARN_RANGE_LOOP_ANALYSIS = YES;
				CLANG_WARN_STRICT_PROTOTYPES = YES;
				CLANG_WARN_SUSPICIOUS_MOVE = YES;
				CLANG_WARN_UNGUARDED_AVAILABILITY = YES_AGGRESSIVE;
				CLANG_WARN_UNREACHABLE_CODE = YES;
				CLANG_WARN__DUPLICATE_METHOD_MATCH = YES;
				COPY_PHASE_STRIP = NO;
				DEBUG_INFORMATION_FORMAT = dwarf;
				DEVELOPMENT_TEAM = LGULT4TAHU;
				ENABLE_STRICT_OBJC_MSGSEND = YES;
				ENABLE_TESTABILITY = YES;
				ENABLE_USER_SCRIPT_SANDBOXING = YES;
				GCC_C_LANGUAGE_STANDARD = gnu17;
				GCC_DYNAMIC_NO_PIC = NO;
				GCC_NO_COMMON_BLOCKS = YES;
				GCC_OPTIMIZATION_LEVEL = 0;
				GCC_PREPROCESSOR_DEFINITIONS = (
					"DEBUG=1",
					"$(inherited)",
				);
				GCC_WARN_64_TO_32_BIT_CONVERSION = YES;
				GCC_WARN_ABOUT_RETURN_TYPE = YES_ERROR;
				GCC_WARN_UNDECLARED_SELECTOR = YES;
				GCC_WARN_UNINITIALIZED_AUTOS = YES_AGGRESSIVE;
				GCC_WARN_UNUSED_FUNCTION = YES;
				GCC_WARN_UNUSED_VARIABLE = YES;
				IPHONEOS_DEPLOYMENT_TARGET = 26.0;
				LOCALIZATION_PREFERS_STRING_CATALOGS = YES;
				MTL_ENABLE_DEBUG_INFO = INCLUDE_SOURCE;
				MTL_FAST_MATH = YES;
				ONLY_ACTIVE_ARCH = YES;
				SDKROOT = iphoneos;
				STRING_CATALOG_GENERATE_SYMBOLS = YES;
				SWIFT_ACTIVE_COMPILATION_CONDITIONS = "DEBUG $(inherited)";
				SWIFT_OPTIMIZATION_LEVEL = "-Onone";
			};
			name = Debug;
		};
		2288BAA92EB8B6F7006B9107 /* Release */ = {
			isa = XCBuildConfiguration;
			buildSettings = {
				ALWAYS_SEARCH_USER_PATHS = NO;
				ASSETCATALOG_COMPILER_GENERATE_SWIFT_ASSET_SYMBOL_EXTENSIONS = YES;
				CLANG_ANALYZER_NONNULL = YES;
				CLANG_ANALYZER_NUMBER_OBJECT_CONVERSION = YES_AGGRESSIVE;
				CLANG_CXX_LANGUAGE_STANDARD = "gnu++20";
				CLANG_ENABLE_MODULES = YES;
				CLANG_ENABLE_OBJC_ARC = YES;
				CLANG_ENABLE_OBJC_WEAK = YES;
				CLANG_WARN_BLOCK_CAPTURE_AUTORELEASING = YES;
				CLANG_WARN_BOOL_CONVERSION = YES;
				CLANG_WARN_COMMA = YES;
				CLANG_WARN_CONSTANT_CONVERSION = YES;
				CLANG_WARN_DEPRECATED_OBJC_IMPLEMENTATIONS = YES;
				CLANG_WARN_DIRECT_OBJC_ISA_USAGE = YES_ERROR;
				CLANG_WARN_DOCUMENTATION_COMMENTS = YES;
				CLANG_WARN_EMPTY_BODY = YES;
				CLANG_WARN_ENUM_CONVERSION = YES;
				CLANG_WARN_INFINITE_RECURSION = YES;
				CLANG_WARN_INT_CONVERSION = YES;
				CLANG_WARN_NON_LITERAL_NULL_CONVERSION = YES;
				CLANG_WARN_OBJC_IMPLICIT_RETAIN_SELF = YES;
				CLANG_WARN_OBJC_LITERAL_CONVERSION = YES;
				CLANG_WARN_OBJC_ROOT_CLASS = YES_ERROR;
				CLANG_WARN_QUOTED_INCLUDE_IN_FRAMEWORK_HEADER = YES;
				CLANG_WARN_RANGE_LOOP_ANALYSIS = YES;
				CLANG_WARN_STRICT_PROTOTYPES = YES;
				CLANG_WARN_SUSPICIOUS_MOVE = YES;
				CLANG_WARN_UNGUARDED_AVAILABILITY = YES_AGGRESSIVE;
				CLANG_WARN_UNREACHABLE_CODE = YES;
				CLANG_WARN__DUPLICATE_METHOD_MATCH = YES;
				COPY_PHASE_STRIP = NO;
				DEBUG_INFORMATION_FORMAT = "dwarf-with-dsym";
				DEVELOPMENT_TEAM = LGULT4TAHU;
				ENABLE_NS_ASSERTIONS = NO;
				ENABLE_STRICT_OBJC_MSGSEND = YES;
				ENABLE_USER_SCRIPT_SANDBOXING = YES;
				GCC_C_LANGUAGE_STANDARD = gnu17;
				GCC_NO_COMMON_BLOCKS = YES;
				GCC_WARN_64_TO_32_BIT_CONVERSION = YES;
				GCC_WARN_ABOUT_RETURN_TYPE = YES_ERROR;
				GCC_WARN_UNDECLARED_SELECTOR = YES;
				GCC_WARN_UNINITIALIZED_AUTOS = YES_AGGRESSIVE;
				GCC_WARN_UNUSED_FUNCTION = YES;
				GCC_WARN_UNUSED_VARIABLE = YES;
				IPHONEOS_DEPLOYMENT_TARGET = 26.0;
				LOCALIZATION_PREFERS_STRING_CATALOGS = YES;
				MTL_ENABLE_DEBUG_INFO = NO;
				MTL_FAST_MATH = YES;
				SDKROOT = iphoneos;
				STRING_CATALOG_GENERATE_SYMBOLS = YES;
				SWIFT_COMPILATION_MODE = wholemodule;
				VALIDATE_PRODUCT = YES;
			};
			name = Release;
		};
		2288BAAB2EB8B6F7006B9107 /* Debug */ = {
			isa = XCBuildConfiguration;
			buildSettings = {
				ASSETCATALOG_COMPILER_APPICON_NAME = AppIcon;
				ASSETCATALOG_COMPILER_GLOBAL_ACCENT_COLOR_NAME = AccentColor;
				CODE_SIGN_STYLE = Automatic;
				CURRENT_PROJECT_VERSION = 1;
				DEVELOPMENT_TEAM = LGULT4TAHU;
				ENABLE_PREVIEWS = YES;
				GENERATE_INFOPLIST_FILE = YES;
				INFOPLIST_KEY_UIApplicationSceneManifest_Generation = YES;
				INFOPLIST_KEY_UIApplicationSupportsIndirectInputEvents = YES;
				INFOPLIST_KEY_UILaunchScreen_Generation = YES;
				INFOPLIST_KEY_UISupportedInterfaceOrientations_iPad = "UIInterfaceOrientationPortrait UIInterfaceOrientationPortraitUpsideDown UIInterfaceOrientationLandscapeLeft UIInterfaceOrientationLandscapeRight";
				INFOPLIST_KEY_UISupportedInterfaceOrientations_iPhone = "UIInterfaceOrientationPortrait UIInterfaceOrientationLandscapeLeft UIInterfaceOrientationLandscapeRight";
				LD_RUNPATH_SEARCH_PATHS = (
					"$(inherited)",
					"@executable_path/Frameworks",
				);
				MARKETING_VERSION = 1.0;
				PRODUCT_BUNDLE_IDENTIFIER = com.gaby.Joiefull;
				PRODUCT_NAME = "$(TARGET_NAME)";
				STRING_CATALOG_GENERATE_SYMBOLS = YES;
				SWIFT_APPROACHABLE_CONCURRENCY = YES;
				SWIFT_DEFAULT_ACTOR_ISOLATION = MainActor;
				SWIFT_EMIT_LOC_STRINGS = YES;
				SWIFT_UPCOMING_FEATURE_MEMBER_IMPORT_VISIBILITY = YES;
				SWIFT_VERSION = 5.0;
				TARGETED_DEVICE_FAMILY = "1,2";
			};
			name = Debug;
		};
		2288BAAC2EB8B6F7006B9107 /* Release */ = {
			isa = XCBuildConfiguration;
			buildSettings = {
				ASSETCATALOG_COMPILER_APPICON_NAME = AppIcon;
				ASSETCATALOG_COMPILER_GLOBAL_ACCENT_COLOR_NAME = AccentColor;
				CODE_SIGN_STYLE = Automatic;
				CURRENT_PROJECT_VERSION = 1;
				DEVELOPMENT_TEAM = LGULT4TAHU;
				ENABLE_PREVIEWS = YES;
				GENERATE_INFOPLIST_FILE = YES;
				INFOPLIST_KEY_UIApplicationSceneManifest_Generation = YES;
				INFOPLIST_KEY_UIApplicationSupportsIndirectInputEvents = YES;
				INFOPLIST_KEY_UILaunchScreen_Generation = YES;
				INFOPLIST_KEY_UISupportedInterfaceOrientations_iPad = "UIInterfaceOrientationPortrait UIInterfaceOrientationPortraitUpsideDown UIInterfaceOrientationLandscapeLeft UIInterfaceOrientationLandscapeRight";
				INFOPLIST_KEY_UISupportedInterfaceOrientations_iPhone = "UIInterfaceOrientationPortrait UIInterfaceOrientationLandscapeLeft UIInterfaceOrientationLandscapeRight";
				LD_RUNPATH_SEARCH_PATHS = (
					"$(inherited)",
					"@executable_path/Frameworks",
				);
				MARKETING_VERSION = 1.0;
				PRODUCT_BUNDLE_IDENTIFIER = com.gaby.Joiefull;
				PRODUCT_NAME = "$(TARGET_NAME)";
				STRING_CATALOG_GENERATE_SYMBOLS = YES;
				SWIFT_APPROACHABLE_CONCURRENCY = YES;
				SWIFT_DEFAULT_ACTOR_ISOLATION = MainActor;
				SWIFT_EMIT_LOC_STRINGS = YES;
				SWIFT_UPCOMING_FEATURE_MEMBER_IMPORT_VISIBILITY = YES;
				SWIFT_VERSION = 5.0;
				TARGETED_DEVICE_FAMILY = "1,2";
			};
			name = Release;
		};
		2288BAAE2EB8B6F7006B9107 /* Debug */ = {
			isa = XCBuildConfiguration;
			buildSettings = {
				BUNDLE_LOADER = "$(TEST_HOST)";
				CODE_SIGN_STYLE = Automatic;
				CURRENT_PROJECT_VERSION = 1;
				DEVELOPMENT_TEAM = LGULT4TAHU;
				GENERATE_INFOPLIST_FILE = YES;
				IPHONEOS_DEPLOYMENT_TARGET = 26.0;
				MARKETING_VERSION = 1.0;
				PRODUCT_BUNDLE_IDENTIFIER = com.gaby.JoiefullTests;
				PRODUCT_NAME = "$(TARGET_NAME)";
				STRING_CATALOG_GENERATE_SYMBOLS = NO;
				SWIFT_APPROACHABLE_CONCURRENCY = YES;
				SWIFT_EMIT_LOC_STRINGS = NO;
				SWIFT_UPCOMING_FEATURE_MEMBER_IMPORT_VISIBILITY = YES;
				SWIFT_VERSION = 5.0;
				TARGETED_DEVICE_FAMILY = "1,2";
				TEST_HOST = "$(BUILT_PRODUCTS_DIR)/Joiefull.app/$(BUNDLE_EXECUTABLE_FOLDER_PATH)/Joiefull";
			};
			name = Debug;
		};
		2288BAAF2EB8B6F7006B9107 /* Release */ = {
			isa = XCBuildConfiguration;
			buildSettings = {
				BUNDLE_LOADER = "$(TEST_HOST)";
				CODE_SIGN_STYLE = Automatic;
				CURRENT_PROJECT_VERSION = 1;
				DEVELOPMENT_TEAM = LGULT4TAHU;
				GENERATE_INFOPLIST_FILE = YES;
				IPHONEOS_DEPLOYMENT_TARGET = 26.0;
				MARKETING_VERSION = 1.0;
				PRODUCT_BUNDLE_IDENTIFIER = com.gaby.JoiefullTests;
				PRODUCT_NAME = "$(TARGET_NAME)";
				STRING_CATALOG_GENERATE_SYMBOLS = NO;
				SWIFT_APPROACHABLE_CONCURRENCY = YES;
				SWIFT_EMIT_LOC_STRINGS = NO;
				SWIFT_UPCOMING_FEATURE_MEMBER_IMPORT_VISIBILITY = YES;
				SWIFT_VERSION = 5.0;
				TARGETED_DEVICE_FAMILY = "1,2";
				TEST_HOST = "$(BUILT_PRODUCTS_DIR)/Joiefull.app/$(BUNDLE_EXECUTABLE_FOLDER_PATH)/Joiefull";
			};
			name = Release;
		};
		2288BAB12EB8B6F7006B9107 /* Debug */ = {
			isa = XCBuildConfiguration;
			buildSettings = {
				CODE_SIGN_STYLE = Automatic;
				CURRENT_PROJECT_VERSION = 1;
				DEVELOPMENT_TEAM = LGULT4TAHU;
				GENERATE_INFOPLIST_FILE = YES;
				MARKETING_VERSION = 1.0;
				PRODUCT_BUNDLE_IDENTIFIER = com.gaby.JoiefullUITests;
				PRODUCT_NAME = "$(TARGET_NAME)";
				STRING_CATALOG_GENERATE_SYMBOLS = NO;
				SWIFT_APPROACHABLE_CONCURRENCY = YES;
				SWIFT_EMIT_LOC_STRINGS = NO;
				SWIFT_UPCOMING_FEATURE_MEMBER_IMPORT_VISIBILITY = YES;
				SWIFT_VERSION = 5.0;
				TARGETED_DEVICE_FAMILY = "1,2";
				TEST_TARGET_NAME = Joiefull;
			};
			name = Debug;
		};
		2288BAB22EB8B6F7006B9107 /* Release */ = {
			isa = XCBuildConfiguration;
			buildSettings = {
				CODE_SIGN_STYLE = Automatic;
				CURRENT_PROJECT_VERSION = 1;
				DEVELOPMENT_TEAM = LGULT4TAHU;
				GENERATE_INFOPLIST_FILE = YES;
				MARKETING_VERSION = 1.0;
				PRODUCT_BUNDLE_IDENTIFIER = com.gaby.JoiefullUITests;
				PRODUCT_NAME = "$(TARGET_NAME)";
				STRING_CATALOG_GENERATE_SYMBOLS = NO;
				SWIFT_APPROACHABLE_CONCURRENCY = YES;
				SWIFT_EMIT_LOC_STRINGS = NO;
				SWIFT_UPCOMING_FEATURE_MEMBER_IMPORT_VISIBILITY = YES;
				SWIFT_VERSION = 5.0;
				TARGETED_DEVICE_FAMILY = "1,2";
				TEST_TARGET_NAME = Joiefull;
			};
			name = Release;
		};
/* End XCBuildConfiguration section */

/* Begin XCConfigurationList section */
		2288BA842EB8B6F5006B9107 /* Build configuration list for PBXProject "Joiefull" */ = {
			isa = XCConfigurationList;
			buildConfigurations = (
				2288BAA82EB8B6F7006B9107 /* Debug */,
				2288BAA92EB8B6F7006B9107 /* Release */,
			);
			defaultConfigurationIsVisible = 0;
			defaultConfigurationName = Release;
		};
		2288BAAA2EB8B6F7006B9107 /* Build configuration list for PBXNativeTarget "Joiefull" */ = {
			isa = XCConfigurationList;
			buildConfigurations = (
				2288BAAB2EB8B6F7006B9107 /* Debug */,
				2288BAAC2EB8B6F7006B9107 /* Release */,
			);
			defaultConfigurationIsVisible = 0;
			defaultConfigurationName = Release;
		};
		2288BAAD2EB8B6F7006B9107 /* Build configuration list for PBXNativeTarget "JoiefullTests" */ = {
			isa = XCConfigurationList;
			buildConfigurations = (
				2288BAAE2EB8B6F7006B9107 /* Debug */,
				2288BAAF2EB8B6F7006B9107 /* Release */,
			);
			defaultConfigurationIsVisible = 0;
			defaultConfigurationName = Release;
		};
		2288BAB02EB8B6F7006B9107 /* Build configuration list for PBXNativeTarget "JoiefullUITests" */ = {
			isa = XCConfigurationList;
			buildConfigurations = (
				2288BAB12EB8B6F7006B9107 /* Debug */,
				2288BAB22EB8B6F7006B9107 /* Release */,
			);
			defaultConfigurationIsVisible = 0;
			defaultConfigurationName = Release;
		};
/* End XCConfigurationList section */
	};
	rootObject = 2288BA812EB8B6F5006B9107 /* Project object */;
}
